{
	"name": "sveltekit-demo",
	"version": "0.0.1",
	"lockfileVersion": 2,
	"requires": true,
	"packages": {
		"": {
			"version": "0.0.1",
			"devDependencies": {
				"@sveltejs/adapter-node": "next",
				"@sveltejs/kit": "next",
				"svelte": "^3.29.0",
				"vite": "^2.1.0"
			},
			"engines": {
				"node": ">= 12.17.0"
			}
		},
		"node_modules/@rollup/pluginutils": {
			"version": "4.1.0",
			"resolved": "https://schwarzit.jfrog.io/artifactory/api/npm/npm/@rollup/pluginutils/-/pluginutils-4.1.0.tgz",
			"integrity": "sha1-Dcxhx4DjkldVT+t/dyB9zsoTyDg=",
			"dev": true,
			"license": "MIT",
			"dependencies": {
				"estree-walker": "^2.0.1",
				"picomatch": "^2.2.2"
			},
			"engines": {
				"node": ">= 8.0.0"
			},
			"peerDependencies": {
				"rollup": "^1.20.0||^2.0.0"
			}
		},
		"node_modules/@sveltejs/adapter-node": {
			"version": "1.0.0-next.10",
			"resolved": "https://schwarzit.jfrog.io/artifactory/api/npm/npm/@sveltejs/adapter-node/-/adapter-node-1.0.0-next.10.tgz",
			"integrity": "sha1-etQGc7x5w91YWYN0MTLINxTIy0o=",
			"dev": true
		},
		"node_modules/@sveltejs/kit": {
			"version": "1.0.0-next.64",
			"resolved": "https://schwarzit.jfrog.io/artifactory/api/npm/npm/@sveltejs/kit/-/kit-1.0.0-next.64.tgz",
			"integrity": "sha1-1mbGvQNo7R7KvPs+O7/jTNIELRQ=",
			"dev": true,
			"dependencies": {
				"@sveltejs/vite-plugin-svelte": "^1.0.0-next.5",
				"cheap-watch": "^1.0.3",
				"sade": "^1.7.4"
			},
			"bin": {
				"svelte-kit": "svelte-kit.js"
			},
			"peerDependencies": {
				"svelte": "^3.32.1",
				"vite": "^2.1.0"
			}
		},
		"node_modules/@sveltejs/vite-plugin-svelte": {
			"version": "1.0.0-next.5",
			"resolved": "https://schwarzit.jfrog.io/artifactory/api/npm/npm/@sveltejs/vite-plugin-svelte/-/vite-plugin-svelte-1.0.0-next.5.tgz",
			"integrity": "sha1-jPYI96PDPfpbZIOXquG6kOakiD8=",
			"dev": true,
			"license": "MIT",
			"dependencies": {
				"@rollup/pluginutils": "^4.1.0",
				"chalk": "^4.1.0",
				"debug": "^4.3.2",
				"hash-sum": "^2.0.0",
				"require-relative": "^0.8.7",
				"slash": "^3.0.0",
				"source-map": "^0.7.3",
				"svelte-hmr": "^0.13.3"
			},
			"engines": {
				"node": ">=12.0.0"
			},
			"peerDependencies": {
				"svelte": "^3.35.0",
				"vite": "^2.1.2"
			}
		},
		"node_modules/ansi-styles": {
			"version": "4.3.0",
			"resolved": "https://schwarzit.jfrog.io/artifactory/api/npm/npm/ansi-styles/-/ansi-styles-4.3.0.tgz",
			"integrity": "sha1-7dgDYornHATIWuegkG7a00tkiTc=",
			"dev": true,
			"license": "MIT",
			"dependencies": {
				"color-convert": "^2.0.1"
			},
			"engines": {
				"node": ">=8"
			},
			"funding": {
				"url": "https://github.com/chalk/ansi-styles?sponsor=1"
			}
		},
		"node_modules/chalk": {
			"version": "4.1.0",
			"resolved": "https://schwarzit.jfrog.io/artifactory/api/npm/npm/chalk/-/chalk-4.1.0.tgz",
			"integrity": "sha1-ThSHCmGNni7dl92DRf2dncMVZGo=",
			"dev": true,
			"license": "MIT",
			"dependencies": {
				"ansi-styles": "^4.1.0",
				"supports-color": "^7.1.0"
			},
			"engines": {
				"node": ">=10"
			},
			"funding": {
				"url": "https://github.com/chalk/chalk?sponsor=1"
			}
		},
		"node_modules/cheap-watch": {
			"version": "1.0.3",
			"resolved": "https://schwarzit.jfrog.io/artifactory/api/npm/npm/cheap-watch/-/cheap-watch-1.0.3.tgz",
			"integrity": "sha1-PEJlcYvPjxrgj15FD59Gk0MuAo4=",
			"dev": true,
			"license": "MIT",
			"engines": {
				"node": ">=8"
			}
		},
		"node_modules/color-convert": {
			"version": "2.0.1",
			"resolved": "https://schwarzit.jfrog.io/artifactory/api/npm/npm/color-convert/-/color-convert-2.0.1.tgz",
			"integrity": "sha1-ctOmjVmMm9s68q0ehPIdiWq9TeM=",
			"dev": true,
			"license": "MIT",
			"dependencies": {
				"color-name": "~1.1.4"
			},
			"engines": {
				"node": ">=7.0.0"
			}
		},
		"node_modules/color-name": {
			"version": "1.1.4",
			"resolved": "https://schwarzit.jfrog.io/artifactory/api/npm/npm/color-name/-/color-name-1.1.4.tgz",
			"integrity": "sha1-wqCah6y95pVD3m9j+jmVyCbFNqI=",
			"dev": true,
			"license": "MIT"
		},
		"node_modules/colorette": {
			"version": "1.2.2",
			"resolved": "https://schwarzit.jfrog.io/artifactory/api/npm/npm/colorette/-/colorette-1.2.2.tgz",
			"integrity": "sha1-y8x51emcrqLb8Q6zom/Ys+as+pQ=",
			"dev": true,
			"license": "MIT"
		},
		"node_modules/debug": {
			"version": "4.3.2",
			"resolved": "https://schwarzit.jfrog.io/artifactory/api/npm/npm/debug/-/debug-4.3.2.tgz",
			"integrity": "sha1-8KScGKyHeeMdSgxgKd+3aHPHQos=",
			"dev": true,
			"license": "MIT",
			"dependencies": {
				"ms": "2.1.2"
			},
			"engines": {
				"node": ">=6.0"
			},
			"peerDependenciesMeta": {
				"supports-color": {
					"optional": true
				}
			}
		},
		"node_modules/esbuild": {
			"version": "0.9.7",
			"resolved": "https://schwarzit.jfrog.io/artifactory/api/npm/npm/esbuild/-/esbuild-0.9.7.tgz",
			"integrity": "sha1-6g1jnL5LiOwl++1Nb/AMjXiO9ws=",
			"dev": true,
			"hasInstallScript": true,
			"license": "MIT",
			"bin": {
				"esbuild": "bin/esbuild"
			}
		},
		"node_modules/estree-walker": {
			"version": "2.0.2",
			"resolved": "https://schwarzit.jfrog.io/artifactory/api/npm/npm/estree-walker/-/estree-walker-2.0.2.tgz",
			"integrity": "sha1-UvAQF4wqTBF6d1fP6UKtt9LaTKw=",
			"dev": true,
			"license": "MIT"
		},
		"node_modules/fsevents": {
			"version": "2.3.2",
			"resolved": "https://schwarzit.jfrog.io/artifactory/api/npm/npm/fsevents/-/fsevents-2.3.2.tgz",
			"integrity": "sha1-ilJveLj99GI7cJ4Ll1xSwkwC/Ro=",
			"dev": true,
			"hasInstallScript": true,
			"license": "MIT",
			"optional": true,
			"os": [
				"darwin"
			],
			"engines": {
				"node": "^8.16.0 || ^10.6.0 || >=11.0.0"
			}
		},
		"node_modules/function-bind": {
			"version": "1.1.1",
			"resolved": "https://schwarzit.jfrog.io/artifactory/api/npm/npm/function-bind/-/function-bind-1.1.1.tgz",
			"integrity": "sha1-pWiZ0+o8m6uHS7l3O3xe3pL0iV0=",
			"dev": true,
			"license": "MIT"
		},
		"node_modules/has": {
			"version": "1.0.3",
			"resolved": "https://schwarzit.jfrog.io/artifactory/api/npm/npm/has/-/has-1.0.3.tgz",
			"integrity": "sha1-ci18v8H2qoJB8W3YFOAR4fQeh5Y=",
			"dev": true,
			"license": "MIT",
			"dependencies": {
				"function-bind": "^1.1.1"
			},
			"engines": {
				"node": ">= 0.4.0"
			}
		},
		"node_modules/has-flag": {
			"version": "4.0.0",
			"resolved": "https://schwarzit.jfrog.io/artifactory/api/npm/npm/has-flag/-/has-flag-4.0.0.tgz",
			"integrity": "sha1-lEdx/ZyByBJlxNaUGGDaBrtZR5s=",
			"dev": true,
			"license": "MIT",
			"engines": {
				"node": ">=8"
			}
		},
		"node_modules/hash-sum": {
			"version": "2.0.0",
			"resolved": "https://schwarzit.jfrog.io/artifactory/api/npm/npm/hash-sum/-/hash-sum-2.0.0.tgz",
			"integrity": "sha1-gdAbtd6OpKIUrV1urRtSNGCwtFo=",
			"dev": true,
			"license": "MIT"
		},
		"node_modules/is-core-module": {
			"version": "2.2.0",
			"resolved": "https://schwarzit.jfrog.io/artifactory/api/npm/npm/is-core-module/-/is-core-module-2.2.0.tgz",
			"integrity": "sha1-lwN+89UiJNhRY/VZeytj2a/tmBo=",
			"dev": true,
			"license": "MIT",
			"dependencies": {
				"has": "^1.0.3"
			},
			"funding": {
				"url": "https://github.com/sponsors/ljharb"
			}
		},
		"node_modules/mri": {
			"version": "1.1.6",
			"resolved": "https://schwarzit.jfrog.io/artifactory/api/npm/npm/mri/-/mri-1.1.6.tgz",
			"integrity": "sha1-SZUuEETbIdv5D2zZK8nJp3fUFaY=",
			"dev": true,
			"license": "MIT",
			"engines": {
				"node": ">=4"
			}
		},
		"node_modules/ms": {
			"version": "2.1.2",
			"resolved": "https://schwarzit.jfrog.io/artifactory/api/npm/npm/ms/-/ms-2.1.2.tgz",
			"integrity": "sha1-0J0fNXtEP0kzgqjrPM0YOHKuYAk=",
			"dev": true,
			"license": "MIT"
		},
		"node_modules/nanoid": {
			"version": "3.1.22",
			"resolved": "https://schwarzit.jfrog.io/artifactory/api/npm/npm/nanoid/-/nanoid-3.1.22.tgz",
			"integrity": "sha1-s1+Pt9FRmQqK69WqUBXAPPcm+EQ=",
			"dev": true,
			"license": "MIT",
			"bin": {
				"nanoid": "bin/nanoid.cjs"
			},
			"engines": {
				"node": "^10 || ^12 || ^13.7 || ^14 || >=15.0.1"
			}
		},
		"node_modules/path-parse": {
			"version": "1.0.6",
			"resolved": "https://schwarzit.jfrog.io/artifactory/api/npm/npm/path-parse/-/path-parse-1.0.6.tgz",
			"integrity": "sha1-1i27VnlAXXLEc37FhgDp3c8G0kw=",
			"dev": true,
			"license": "MIT"
		},
		"node_modules/picomatch": {
			"version": "2.2.2",
			"resolved": "https://schwarzit.jfrog.io/artifactory/api/npm/npm/picomatch/-/picomatch-2.2.2.tgz",
			"integrity": "sha1-IfMz6ba46v8CRo9RRupAbTRfTa0=",
			"dev": true,
			"license": "MIT",
			"engines": {
				"node": ">=8.6"
			},
			"funding": {
				"url": "https://github.com/sponsors/jonschlinkert"
			}
		},
		"node_modules/postcss": {
			"version": "8.2.9",
			"resolved": "https://schwarzit.jfrog.io/artifactory/api/npm/npm/postcss/-/postcss-8.2.9.tgz",
			"integrity": "sha1-/ZX/N7XO5VxAmz/dI3KWq0CW+6M=",
			"dev": true,
			"license": "MIT",
			"dependencies": {
				"colorette": "^1.2.2",
				"nanoid": "^3.1.22",
				"source-map": "^0.6.1"
			},
			"engines": {
				"node": "^10 || ^12 || >=14"
			},
			"funding": {
				"type": "opencollective",
				"url": "https://opencollective.com/postcss/"
			}
		},
		"node_modules/postcss/node_modules/source-map": {
			"version": "0.6.1",
			"resolved": "https://schwarzit.jfrog.io/artifactory/api/npm/npm/source-map/-/source-map-0.6.1.tgz",
			"integrity": "sha1-dHIq8y6WFOnCh6jQu95IteLxomM=",
			"dev": true,
			"license": "BSD-3-Clause",
			"engines": {
				"node": ">=0.10.0"
			}
		},
		"node_modules/require-relative": {
			"version": "0.8.7",
			"resolved": "https://schwarzit.jfrog.io/artifactory/api/npm/npm/require-relative/-/require-relative-0.8.7.tgz",
			"integrity": "sha1-eZlTn8ngR6N5KPoZb44VY9q9Nt4=",
			"dev": true,
			"license": "MIT"
		},
		"node_modules/resolve": {
			"version": "1.20.0",
			"resolved": "https://schwarzit.jfrog.io/artifactory/api/npm/npm/resolve/-/resolve-1.20.0.tgz",
			"integrity": "sha1-YpoBP7P3B1XW8LeTXMHCxTeLGXU=",
			"dev": true,
			"license": "MIT",
			"dependencies": {
				"is-core-module": "^2.2.0",
				"path-parse": "^1.0.6"
			},
			"funding": {
				"url": "https://github.com/sponsors/ljharb"
			}
		},
		"node_modules/rollup": {
			"version": "2.44.0",
			"resolved": "https://schwarzit.jfrog.io/artifactory/api/npm/npm/rollup/-/rollup-2.44.0.tgz",
			"integrity": "sha1-jaMk0cT9Er7vmubhL0BoJlttles=",
			"dev": true,
			"license": "MIT",
			"dependencies": {
				"fsevents": "~2.3.1"
			},
			"bin": {
				"rollup": "dist/bin/rollup"
			},
			"engines": {
				"node": ">=10.0.0"
			},
			"optionalDependencies": {
				"fsevents": "~2.3.1"
			}
		},
		"node_modules/sade": {
			"version": "1.7.4",
			"resolved": "https://schwarzit.jfrog.io/artifactory/api/npm/npm/sade/-/sade-1.7.4.tgz",
			"integrity": "sha1-6mgeDGXSSNIJXJBXjAPKC7G1RpE=",
			"dev": true,
			"license": "MIT",
			"dependencies": {
				"mri": "^1.1.0"
			},
			"engines": {
				"node": ">= 6"
			}
		},
		"node_modules/slash": {
			"version": "3.0.0",
			"resolved": "https://schwarzit.jfrog.io/artifactory/api/npm/npm/slash/-/slash-3.0.0.tgz",
			"integrity": "sha1-ZTm+hwwWWtvVJAIg2+Nh8bxNRjQ=",
			"dev": true,
			"license": "MIT",
			"engines": {
				"node": ">=8"
			}
		},
		"node_modules/source-map": {
			"version": "0.7.3",
			"resolved": "https://schwarzit.jfrog.io/artifactory/api/npm/npm/source-map/-/source-map-0.7.3.tgz",
			"integrity": "sha1-UwL4FpAxc1ImVECS5kmB91F1A4M=",
			"dev": true,
			"license": "BSD-3-Clause",
			"engines": {
				"node": ">= 8"
			}
		},
		"node_modules/supports-color": {
			"version": "7.2.0",
			"resolved": "https://schwarzit.jfrog.io/artifactory/api/npm/npm/supports-color/-/supports-color-7.2.0.tgz",
			"integrity": "sha1-G33NyzK4E4gBs+R4umpRyqiWSNo=",
			"dev": true,
			"license": "MIT",
			"dependencies": {
				"has-flag": "^4.0.0"
			},
			"engines": {
				"node": ">=8"
			}
		},
		"node_modules/svelte": {
			"version": "3.36.0",
			"resolved": "https://schwarzit.jfrog.io/artifactory/api/npm/npm/svelte/-/svelte-3.36.0.tgz",
			"integrity": "sha1-P8TG/HoEw9Qkm0/MyuKPwU9EL2Q=",
			"dev": true,
			"license": "MIT",
			"engines": {
				"node": ">= 8"
			}
		},
		"node_modules/svelte-hmr": {
			"version": "0.13.3",
			"resolved": "https://schwarzit.jfrog.io/artifactory/api/npm/npm/svelte-hmr/-/svelte-hmr-0.13.3.tgz",
			"integrity": "sha1-+6Vzm0d+pEyvcOVCokpDUr7iuJc=",
			"dev": true,
			"license": "ISC",
			"peerDependencies": {
				"svelte": ">=3.19.0"
			}
		},
		"node_modules/vite": {
			"version": "2.1.5",
			"resolved": "https://schwarzit.jfrog.io/artifactory/api/npm/npm/vite/-/vite-2.1.5.tgz",
			"integrity": "sha1-SFfaRBxi95gsg8vV9CoAMw8gycE=",
			"dev": true,
			"license": "MIT",
			"dependencies": {
				"esbuild": "^0.9.3",
				"fsevents": "~2.3.1",
				"postcss": "^8.2.1",
				"resolve": "^1.19.0",
				"rollup": "^2.38.5"
			},
			"bin": {
				"vite": "bin/vite.js"
			},
			"engines": {
				"node": ">=12.0.0"
			},
			"optionalDependencies": {
				"fsevents": "~2.3.1"
			}
		}
	},
	"dependencies": {
		"@rollup/pluginutils": {
			"version": "4.1.0",
			"resolved": "https://schwarzit.jfrog.io/artifactory/api/npm/npm/@rollup/pluginutils/-/pluginutils-4.1.0.tgz",
			"integrity": "sha1-Dcxhx4DjkldVT+t/dyB9zsoTyDg=",
			"dev": true,
			"requires": {
				"estree-walker": "^2.0.1",
				"picomatch": "^2.2.2"
			}
		},
		"@sveltejs/adapter-node": {
			"version": "1.0.0-next.10",
			"resolved": "https://schwarzit.jfrog.io/artifactory/api/npm/npm/@sveltejs/adapter-node/-/adapter-node-1.0.0-next.10.tgz",
			"integrity": "sha1-etQGc7x5w91YWYN0MTLINxTIy0o=",
			"dev": true
		},
		"@sveltejs/kit": {
			"version": "1.0.0-next.64",
			"resolved": "https://schwarzit.jfrog.io/artifactory/api/npm/npm/@sveltejs/kit/-/kit-1.0.0-next.64.tgz",
			"integrity": "sha1-1mbGvQNo7R7KvPs+O7/jTNIELRQ=",
			"dev": true,
			"requires": {
				"@sveltejs/vite-plugin-svelte": "^1.0.0-next.5",
				"cheap-watch": "^1.0.3",
				"sade": "^1.7.4"
			}
		},
		"@sveltejs/vite-plugin-svelte": {
			"version": "1.0.0-next.5",
			"resolved": "https://schwarzit.jfrog.io/artifactory/api/npm/npm/@sveltejs/vite-plugin-svelte/-/vite-plugin-svelte-1.0.0-next.5.tgz",
			"integrity": "sha1-jPYI96PDPfpbZIOXquG6kOakiD8=",
			"dev": true,
			"requires": {
				"@rollup/pluginutils": "^4.1.0",
				"chalk": "^4.1.0",
				"debug": "^4.3.2",
				"hash-sum": "^2.0.0",
				"require-relative": "^0.8.7",
				"slash": "^3.0.0",
				"source-map": "^0.7.3",
				"svelte-hmr": "^0.13.3"
			}
		},
		"ansi-styles": {
			"version": "4.3.0",
			"resolved": "https://schwarzit.jfrog.io/artifactory/api/npm/npm/ansi-styles/-/ansi-styles-4.3.0.tgz",
			"integrity": "sha1-7dgDYornHATIWuegkG7a00tkiTc=",
			"dev": true,
			"requires": {
				"color-convert": "^2.0.1"
			}
		},
		"chalk": {
			"version": "4.1.0",
			"resolved": "https://schwarzit.jfrog.io/artifactory/api/npm/npm/chalk/-/chalk-4.1.0.tgz",
			"integrity": "sha1-ThSHCmGNni7dl92DRf2dncMVZGo=",
			"dev": true,
			"requires": {
				"ansi-styles": "^4.1.0",
				"supports-color": "^7.1.0"
			}
		},
		"cheap-watch": {
			"version": "1.0.3",
			"resolved": "https://schwarzit.jfrog.io/artifactory/api/npm/npm/cheap-watch/-/cheap-watch-1.0.3.tgz",
			"integrity": "sha1-PEJlcYvPjxrgj15FD59Gk0MuAo4=",
			"dev": true
		},
		"color-convert": {
			"version": "2.0.1",
			"resolved": "https://schwarzit.jfrog.io/artifactory/api/npm/npm/color-convert/-/color-convert-2.0.1.tgz",
			"integrity": "sha1-ctOmjVmMm9s68q0ehPIdiWq9TeM=",
			"dev": true,
			"requires": {
				"color-name": "~1.1.4"
			}
		},
		"color-name": {
			"version": "1.1.4",
			"resolved": "https://schwarzit.jfrog.io/artifactory/api/npm/npm/color-name/-/color-name-1.1.4.tgz",
			"integrity": "sha1-wqCah6y95pVD3m9j+jmVyCbFNqI=",
			"dev": true
		},
		"colorette": {
			"version": "1.2.2",
			"resolved": "https://schwarzit.jfrog.io/artifactory/api/npm/npm/colorette/-/colorette-1.2.2.tgz",
			"integrity": "sha1-y8x51emcrqLb8Q6zom/Ys+as+pQ=",
			"dev": true
		},
		"debug": {
			"version": "4.3.2",
			"resolved": "https://schwarzit.jfrog.io/artifactory/api/npm/npm/debug/-/debug-4.3.2.tgz",
			"integrity": "sha1-8KScGKyHeeMdSgxgKd+3aHPHQos=",
			"dev": true,
			"requires": {
				"ms": "2.1.2"
			}
		},
		"esbuild": {
			"version": "0.9.7",
			"resolved": "https://schwarzit.jfrog.io/artifactory/api/npm/npm/esbuild/-/esbuild-0.9.7.tgz",
			"integrity": "sha1-6g1jnL5LiOwl++1Nb/AMjXiO9ws=",
			"dev": true
		},
		"estree-walker": {
			"version": "2.0.2",
			"resolved": "https://schwarzit.jfrog.io/artifactory/api/npm/npm/estree-walker/-/estree-walker-2.0.2.tgz",
			"integrity": "sha1-UvAQF4wqTBF6d1fP6UKtt9LaTKw=",
			"dev": true
		},
		"fsevents": {
			"version": "2.3.2",
			"resolved": "https://schwarzit.jfrog.io/artifactory/api/npm/npm/fsevents/-/fsevents-2.3.2.tgz",
			"integrity": "sha1-ilJveLj99GI7cJ4Ll1xSwkwC/Ro=",
			"dev": true,
			"optional": true
		},
		"function-bind": {
			"version": "1.1.1",
			"resolved": "https://schwarzit.jfrog.io/artifactory/api/npm/npm/function-bind/-/function-bind-1.1.1.tgz",
			"integrity": "sha1-pWiZ0+o8m6uHS7l3O3xe3pL0iV0=",
			"dev": true
		},
		"has": {
			"version": "1.0.3",
			"resolved": "https://schwarzit.jfrog.io/artifactory/api/npm/npm/has/-/has-1.0.3.tgz",
			"integrity": "sha1-ci18v8H2qoJB8W3YFOAR4fQeh5Y=",
			"dev": true,
			"requires": {
				"function-bind": "^1.1.1"
			}
		},
		"has-flag": {
			"version": "4.0.0",
			"resolved": "https://schwarzit.jfrog.io/artifactory/api/npm/npm/has-flag/-/has-flag-4.0.0.tgz",
			"integrity": "sha1-lEdx/ZyByBJlxNaUGGDaBrtZR5s=",
			"dev": true
		},
		"hash-sum": {
			"version": "2.0.0",
			"resolved": "https://schwarzit.jfrog.io/artifactory/api/npm/npm/hash-sum/-/hash-sum-2.0.0.tgz",
			"integrity": "sha1-gdAbtd6OpKIUrV1urRtSNGCwtFo=",
			"dev": true
		},
		"is-core-module": {
			"version": "2.2.0",
			"resolved": "https://schwarzit.jfrog.io/artifactory/api/npm/npm/is-core-module/-/is-core-module-2.2.0.tgz",
			"integrity": "sha1-lwN+89UiJNhRY/VZeytj2a/tmBo=",
			"dev": true,
			"requires": {
				"has": "^1.0.3"
			}
		},
		"mri": {
			"version": "1.1.6",
			"resolved": "https://schwarzit.jfrog.io/artifactory/api/npm/npm/mri/-/mri-1.1.6.tgz",
			"integrity": "sha1-SZUuEETbIdv5D2zZK8nJp3fUFaY=",
			"dev": true
		},
		"ms": {
			"version": "2.1.2",
			"resolved": "https://schwarzit.jfrog.io/artifactory/api/npm/npm/ms/-/ms-2.1.2.tgz",
			"integrity": "sha1-0J0fNXtEP0kzgqjrPM0YOHKuYAk=",
			"dev": true
		},
		"nanoid": {
			"version": "3.1.22",
			"resolved": "https://schwarzit.jfrog.io/artifactory/api/npm/npm/nanoid/-/nanoid-3.1.22.tgz",
			"integrity": "sha1-s1+Pt9FRmQqK69WqUBXAPPcm+EQ=",
			"dev": true
		},
		"path-parse": {
			"version": "1.0.6",
			"resolved": "https://schwarzit.jfrog.io/artifactory/api/npm/npm/path-parse/-/path-parse-1.0.6.tgz",
			"integrity": "sha1-1i27VnlAXXLEc37FhgDp3c8G0kw=",
			"dev": true
		},
		"picomatch": {
			"version": "2.2.2",
			"resolved": "https://schwarzit.jfrog.io/artifactory/api/npm/npm/picomatch/-/picomatch-2.2.2.tgz",
			"integrity": "sha1-IfMz6ba46v8CRo9RRupAbTRfTa0=",
			"dev": true
		},
		"postcss": {
			"version": "8.2.9",
			"resolved": "https://schwarzit.jfrog.io/artifactory/api/npm/npm/postcss/-/postcss-8.2.9.tgz",
			"integrity": "sha1-/ZX/N7XO5VxAmz/dI3KWq0CW+6M=",
			"dev": true,
			"requires": {
				"colorette": "^1.2.2",
				"nanoid": "^3.1.22",
				"source-map": "^0.6.1"
			},
			"dependencies": {
				"source-map": {
					"version": "0.6.1",
					"resolved": "https://schwarzit.jfrog.io/artifactory/api/npm/npm/source-map/-/source-map-0.6.1.tgz",
					"integrity": "sha1-dHIq8y6WFOnCh6jQu95IteLxomM=",
					"dev": true
				}
			}
		},
		"require-relative": {
			"version": "0.8.7",
			"resolved": "https://schwarzit.jfrog.io/artifactory/api/npm/npm/require-relative/-/require-relative-0.8.7.tgz",
			"integrity": "sha1-eZlTn8ngR6N5KPoZb44VY9q9Nt4=",
			"dev": true
		},
		"resolve": {
			"version": "1.20.0",
			"resolved": "https://schwarzit.jfrog.io/artifactory/api/npm/npm/resolve/-/resolve-1.20.0.tgz",
			"integrity": "sha1-YpoBP7P3B1XW8LeTXMHCxTeLGXU=",
			"dev": true,
			"requires": {
				"is-core-module": "^2.2.0",
				"path-parse": "^1.0.6"
			}
		},
		"rollup": {
			"version": "2.44.0",
			"resolved": "https://schwarzit.jfrog.io/artifactory/api/npm/npm/rollup/-/rollup-2.44.0.tgz",
			"integrity": "sha1-jaMk0cT9Er7vmubhL0BoJlttles=",
			"dev": true,
			"requires": {
				"fsevents": "~2.3.1"
			}
		},
		"sade": {
			"version": "1.7.4",
			"resolved": "https://schwarzit.jfrog.io/artifactory/api/npm/npm/sade/-/sade-1.7.4.tgz",
			"integrity": "sha1-6mgeDGXSSNIJXJBXjAPKC7G1RpE=",
			"dev": true,
			"requires": {
				"mri": "^1.1.0"
			}
		},
		"slash": {
			"version": "3.0.0",
			"resolved": "https://schwarzit.jfrog.io/artifactory/api/npm/npm/slash/-/slash-3.0.0.tgz",
			"integrity": "sha1-ZTm+hwwWWtvVJAIg2+Nh8bxNRjQ=",
			"dev": true
		},
		"source-map": {
			"version": "0.7.3",
			"resolved": "https://schwarzit.jfrog.io/artifactory/api/npm/npm/source-map/-/source-map-0.7.3.tgz",
			"integrity": "sha1-UwL4FpAxc1ImVECS5kmB91F1A4M=",
			"dev": true
		},
		"supports-color": {
			"version": "7.2.0",
			"resolved": "https://schwarzit.jfrog.io/artifactory/api/npm/npm/supports-color/-/supports-color-7.2.0.tgz",
			"integrity": "sha1-G33NyzK4E4gBs+R4umpRyqiWSNo=",
			"dev": true,
			"requires": {
				"has-flag": "^4.0.0"
			}
		},
		"svelte": {
			"version": "3.36.0",
			"resolved": "https://schwarzit.jfrog.io/artifactory/api/npm/npm/svelte/-/svelte-3.36.0.tgz",
			"integrity": "sha1-P8TG/HoEw9Qkm0/MyuKPwU9EL2Q=",
			"dev": true
		},
		"svelte-hmr": {
			"version": "0.13.3",
			"resolved": "https://schwarzit.jfrog.io/artifactory/api/npm/npm/svelte-hmr/-/svelte-hmr-0.13.3.tgz",
			"integrity": "sha1-+6Vzm0d+pEyvcOVCokpDUr7iuJc=",
			"dev": true,
			"requires": {}
		},
		"vite": {
			"version": "2.1.5",
			"resolved": "https://schwarzit.jfrog.io/artifactory/api/npm/npm/vite/-/vite-2.1.5.tgz",
			"integrity": "sha1-SFfaRBxi95gsg8vV9CoAMw8gycE=",
			"dev": true,
			"requires": {
				"esbuild": "^0.9.3",
				"fsevents": "~2.3.1",
				"postcss": "^8.2.1",
				"resolve": "^1.19.0",
				"rollup": "^2.38.5"
			}
		}
	}
}
